
Microsoft Visual Studio Solution File, Format Version 12.00
# Visual Studio Version 17
VisualStudioVersion = 17.12.35527.113
MinimumVisualStudioVersion = 10.0.40219.1
Project("{FAE04EC0-301F-11D3-BF4B-00C04F79EFBC}") = "VerticalFarmingApi", "VerticalFarmingApi\VerticalFarmingApi.csproj", "{E3F6CDA8-E05D-40C4-8E35-282588631708}"
EndProject
Project("{FAE04EC0-301F-11D3-BF4B-00C04F79EFBC}") = "VerticalFarmingApi_Utility", "VerticalFarmingApi.SD\VerticalFarmingApi_Utility.csproj", "{399A8915-E14E-4841-9EE1-D8AC081FCDDD}"
EndProject
Global
	GlobalSection(SolutionConfigurationPlatforms) = preSolution
		Debug|Any CPU = Debug|Any CPU
		Release|Any CPU = Release|Any CPU
	EndGlobalSection
	GlobalSection(ProjectConfigurationPlatforms) = postSolution
		{E3F6CDA8-E05D-40C4-8E35-282588631708}.Debug|Any CPU.ActiveCfg = Debug|Any CPU
		{E3F6CDA8-E05D-40C4-8E35-282588631708}.Debug|Any CPU.Build.0 = Debug|Any CPU
		{E3F6CDA8-E05D-40C4-8E35-282588631708}.Release|Any CPU.ActiveCfg = Release|Any CPU
		{E3F6CDA8-E05D-40C4-8E35-282588631708}.Release|Any CPU.Build.0 = Release|Any CPU
		{399A8915-E14E-4841-9EE1-D8AC081FCDDD}.Debug|Any CPU.ActiveCfg = Debug|Any CPU
		{399A8915-E14E-4841-9EE1-D8AC081FCDDD}.Debug|Any CPU.Build.0 = Debug|Any CPU
		{399A8915-E14E-4841-9EE1-D8AC081FCDDD}.Release|Any CPU.ActiveCfg = Release|Any CPU
		{399A8915-E14E-4841-9EE1-D8AC081FCDDD}.Release|Any CPU.Build.0 = Release|Any CPU
	EndGlobalSection
	GlobalSection(SolutionProperties) = preSolution
		HideSolutionNode = FALSE
	EndGlobalSection
EndGlobal
